
Microsoft Visual Studio Solution File, Format Version 12.00
# Visual Studio Version 17
VisualStudioVersion = 17.11.35327.3
MinimumVisualStudioVersion = 10.0.40219.1
Project("{FAE04EC0-301F-11D3-BF4B-00C04F79EFBC}") = "HollywoodStars.WebUI", "HollywoodStars.WebUI\HollywoodStars.WebUI.csproj", "{81E042DE-4C35-4049-8230-133A08D5B642}"
EndProject
Project("{FAE04EC0-301F-11D3-BF4B-00C04F79EFBC}") = "HollywoodStars.Data", "HollywoodStars.Data\HollywoodStars.Data.csproj", "{BDB89E06-913E-4844-B21B-87E34F1FFD92}"
EndProject
Project("{FAE04EC0-301F-11D3-BF4B-00C04F79EFBC}") = "HollywoodStars.Models", "HollywoodStars.Models\HollywoodStars.Models.csproj", "{EECB05E3-152E-4901-9EFA-7CD38E95C529}"
EndProject
Global
	GlobalSection(SolutionConfigurationPlatforms) = preSolution
		Debug|Any CPU = Debug|Any CPU
		Release|Any CPU = Release|Any CPU
	EndGlobalSection
	GlobalSection(ProjectConfigurationPlatforms) = postSolution
		{81E042DE-4C35-4049-8230-133A08D5B642}.Debug|Any CPU.ActiveCfg = Debug|Any CPU
		{81E042DE-4C35-4049-8230-133A08D5B642}.Debug|Any CPU.Build.0 = Debug|Any CPU
		{81E042DE-4C35-4049-8230-133A08D5B642}.Release|Any CPU.ActiveCfg = Release|Any CPU
		{81E042DE-4C35-4049-8230-133A08D5B642}.Release|Any CPU.Build.0 = Release|Any CPU
		{BDB89E06-913E-4844-B21B-87E34F1FFD92}.Debug|Any CPU.ActiveCfg = Debug|Any CPU
		{BDB89E06-913E-4844-B21B-87E34F1FFD92}.Debug|Any CPU.Build.0 = Debug|Any CPU
		{BDB89E06-913E-4844-B21B-87E34F1FFD92}.Release|Any CPU.ActiveCfg = Release|Any CPU
		{BDB89E06-913E-4844-B21B-87E34F1FFD92}.Release|Any CPU.Build.0 = Release|Any CPU
		{EECB05E3-152E-4901-9EFA-7CD38E95C529}.Debug|Any CPU.ActiveCfg = Debug|Any CPU
		{EECB05E3-152E-4901-9EFA-7CD38E95C529}.Debug|Any CPU.Build.0 = Debug|Any CPU
		{EECB05E3-152E-4901-9EFA-7CD38E95C529}.Release|Any CPU.ActiveCfg = Release|Any CPU
		{EECB05E3-152E-4901-9EFA-7CD38E95C529}.Release|Any CPU.Build.0 = Release|Any CPU
	EndGlobalSection
	GlobalSection(SolutionProperties) = preSolution
		HideSolutionNode = FALSE
	EndGlobalSection
	GlobalSection(ExtensibilityGlobals) = postSolution
		SolutionGuid = {67DAC135-A668-4D32-BB95-D5C5198D1A12}
	EndGlobalSection
EndGlobal
